#MicroXplorer Configuration settings - do not modify
File.Version=5
I2C2.IPParameters=Timing,Speed
I2C2.Speed=50
I2C2.Timing=0x00101D7C
IWDG.IPParameters=Prescaler
IWDG.Prescaler=IWDG_PRESCALER_256
KeepUserPlacement=false
Mcu.Family=STM32F3
Mcu.IP0=I2C2
Mcu.IP1=IWDG
Mcu.IP2=NVIC
Mcu.IP3=RCC
Mcu.IP4=TIM2
Mcu.IP5=TIM3
Mcu.IP6=UART4
Mcu.IP7=USART3
Mcu.IPNb=8
Mcu.Name=STM32F303R(D-E)Tx
Mcu.Package=LQFP64
Mcu.Pin0=PB10
Mcu.Pin1=PB11
Mcu.Pin10=VP_TIM3_VS_ClockSourceINT
Mcu.Pin2=PC6
Mcu.Pin3=PC7
Mcu.Pin4=PA9
Mcu.Pin5=PA10
Mcu.Pin6=PC10
Mcu.Pin7=PC11
Mcu.Pin8=VP_IWDG_VS_IWDG
Mcu.Pin9=VP_TIM2_VS_ClockSourceINT
Mcu.PinsNb=11
Mcu.UserConstants=
Mcu.UserName=STM32F303RETx
MxCube.Version=4.12.0
MxDb.Version=DB.4.0.120
NVIC.I2C2_EV_IRQn=true\:0\:0\:false
NVIC.PriorityGroup=NVIC_PRIORITYGROUP_4
NVIC.SysTick_IRQn=true\:0\:0\:false
NVIC.TIM2_IRQn=true\:0\:0\:false
NVIC.TIM3_IRQn=true\:0\:0\:false
NVIC.UART4_IRQn=true\:0\:0\:false
NVIC.USART3_IRQn=true\:0\:0\:false
PA10.Locked=true
PA10.Mode=I2C
PA10.Signal=I2C2_SDA
PA9.Locked=true
PA9.Mode=I2C
PA9.Signal=I2C2_SCL
PB10.Mode=Asynchronous
PB10.Signal=USART3_TX
PB11.Mode=Asynchronous
PB11.Signal=USART3_RX
PC10.Mode=Asynchronous
PC10.Signal=UART4_TX
PC11.Mode=Asynchronous
PC11.Signal=UART4_RX
PC6.GPIOParameters=GPIO_PuPd
PC6.GPIO_PuPd=GPIO_PULLUP
PC6.Locked=true
PC6.Signal=GPIO_Output
PC7.GPIOParameters=GPIO_PuPd
PC7.GPIO_PuPd=GPIO_PULLUP
PC7.Locked=true
PC7.Signal=GPIO_Output
PCC.Checker=false
PCC.Line=STM32F303
PCC.MCU=STM32F303R(D-E)Tx
PCC.MXVersion=4.12.0
PCC.PartNumber=STM32F303RETx
PCC.Seq0=0
PCC.Series=STM32F3
PCC.Temperature=25
PCC.Vdd=3.6
ProjectManager.AskForMigrate=true
ProjectManager.BackupPrevious=false
ProjectManager.CompilerOptimize=2
ProjectManager.ComputerToolchain=false
ProjectManager.CoupleFile=false
ProjectManager.DeletePrevious=true
ProjectManager.DeviceId=STM32F303RETx
ProjectManager.FirmwarePackage=STM32Cube FW_F3 V1.4.0
ProjectManager.FreePins=false
ProjectManager.HalAssertFull=false
ProjectManager.KeepUserCode=true
ProjectManager.LastFirmware=true
ProjectManager.LibraryCopy=0
ProjectManager.ProjectBuild=false
ProjectManager.ProjectFileName=Occupancy.ioc
ProjectManager.ProjectName=Occupancy
ProjectManager.TargetToolchain=MDK-ARM V5
ProjectManager.ToolChainLocation=
RCC.ADC12outputFreq_Value=16000000
RCC.ADC34outputFreq_Value=16000000
RCC.AHBFreq_Value=16000000
RCC.APB1Freq_Value=16000000
RCC.APB1TimFreq_Value=16000000
RCC.APB2Freq_Value=16000000
RCC.APB2TimFreq_Value=16000000
RCC.CortexFreq_Value=16000000
RCC.FCLKCortexFreq_Value=16000000
RCC.FamilyName=M
RCC.HCLKFreq_Value=16000000
RCC.HSE_VALUE=8000000
RCC.HSI_VALUE=8000000
RCC.I2C1Freq_Value=8000000
RCC.I2C2Freq_Value=8000000
RCC.I2C3Freq_Value=8000000
RCC.I2SClocksFreq_Value=16000000
RCC.IPParameters=FamilyName,HSE_VALUE,RTCHSEDivFreq_Value,LSE_VALUE,HSI_VALUE,SYSCLKFreq_VALUE,AHBFreq_Value,CortexFreq_Value,APB1Freq_Value,APB2Freq_Value,TIM2Freq_Value,VCOOutput2Freq_Value,PLLCLKFreq_Value,USBFreq_Value,PLLMCOFreq_Value,ADC12outputFreq_Value,ADC34outputFreq_Value,USART3Freq_Value,I2C2Freq_Value,UART5Freq_Value,LSI_VALUE,RTCFreq_Value,USART1Freq_Value,I2C1Freq_Value,UART4Freq_Value,USART2Freq_Value,I2C3Freq_Value,SYSCLKSourceVirtual,HCLKFreq_Value,FCLKCortexFreq_Value,APB1TimFreq_Value,TIM3Freq_Value,APB2TimFreq_Value,TIM8Freq_Value,TIM15Freq_Value,TIM17Freq_Value,TIM16Freq_Value,TIM1Freq_Value,TIM20Freq_Value,MCOFreq_Value,I2SClocksFreq_Value
RCC.LSE_VALUE=32768
RCC.LSI_VALUE=40000
RCC.MCOFreq_Value=16000000
RCC.PLLCLKFreq_Value=16000000
RCC.PLLMCOFreq_Value=16000000
RCC.RTCFreq_Value=40000
RCC.RTCHSEDivFreq_Value=250000
RCC.SYSCLKFreq_VALUE=16000000
RCC.SYSCLKSourceVirtual=RCC_SYSCLKSOURCE_PLLCLK
RCC.TIM15Freq_Value=16000000
RCC.TIM16Freq_Value=16000000
RCC.TIM17Freq_Value=16000000
RCC.TIM1Freq_Value=16000000
RCC.TIM20Freq_Value=16000000
RCC.TIM2Freq_Value=16000000
RCC.TIM3Freq_Value=16000000
RCC.TIM8Freq_Value=16000000
RCC.UART4Freq_Value=16000000
RCC.UART5Freq_Value=16000000
RCC.USART1Freq_Value=16000000
RCC.USART2Freq_Value=16000000
RCC.USART3Freq_Value=16000000
RCC.USBFreq_Value=16000000
RCC.VCOOutput2Freq_Value=8000000
TIM2.IPParameters=Prescaler,Period
TIM2.Period=250
TIM2.Prescaler=63
TIM3.IPParameters=Prescaler,Period
TIM3.Period=250
TIM3.Prescaler=63
UART4.BaudRate=9600
UART4.IPParameters=BaudRate
USART3.BaudRate=115200
USART3.IPParameters=BaudRate,WordLength
USART3.WordLength=UART_WORDLENGTH_8B
VP_IWDG_VS_IWDG.Mode=IWDG_Activate
VP_IWDG_VS_IWDG.Signal=IWDG_VS_IWDG
VP_TIM2_VS_ClockSourceINT.Mode=Internal
VP_TIM2_VS_ClockSourceINT.Signal=TIM2_VS_ClockSourceINT
VP_TIM3_VS_ClockSourceINT.Mode=Internal
VP_TIM3_VS_ClockSourceINT.Signal=TIM3_VS_ClockSourceINT
board=Occupancy
